PODS:
  - GoogleMaps (6.2.1):
    - GoogleMaps/Maps (= 6.2.1)
  - GoogleMaps/Base (6.2.1)
  - GoogleMaps/Maps (6.2.1):
    - GoogleMaps/Base
  - Realm (10.26.0):
    - Realm/Headers (= 10.26.0)
  - Realm/Headers (10.26.0)
  - RealmSwift (10.26.0):
    - Realm (= 10.26.0)
  - RxCocoa (6.5.0):
    - RxRelay (= 6.5.0)
    - RxSwift (= 6.5.0)
  - RxRelay (6.5.0):
    - RxSwift (= 6.5.0)
  - RxSwift (6.5.0)

DEPENDENCIES:
  - GoogleMaps (= 6.2.1)
  - RealmSwift (~> 10)
  - RxCocoa
  - RxSwift

SPEC REPOS:
  trunk:
    - GoogleMaps
    - Realm
    - RealmSwift
    - RxCocoa
    - RxRelay
    - RxSwift

SPEC CHECKSUMS:
  GoogleMaps: 20d7b12be49a14287f797e88e0e31bc4156aaeb4
  Realm: 97bc2540088e1e88a4b2051ba4b8eac85be0039a
  RealmSwift: 1bc3cbcb1681c5a9262df5883280123aa2d1d4cf
  RxCocoa: 94f817b71c07517321eb4f9ad299112ca8af743b
  RxRelay: 1de1523e604c72b6c68feadedd1af3b1b4d0ecbd
  RxSwift: 5710a9e6b17f3c3d6e40d6e559b9fa1e813b2ef8

PODFILE CHECKSUM: 36c2f88915a34e40b436ea7d9894221852040f8b

COCOAPODS: 1.11.2
