// !$*UTF8*$!
{
	archiveVersion = 1;
	classes = {
	};
	objectVersion = 55;
	objects = {

/* Begin PBXBuildFile section */
		4000252227F0808300163BE9 /* RegisterTests.swift in Sources */ = {isa = PBXBuildFile; fileRef = 4000252127F0808300163BE9 /* RegisterTests.swift */; };
		4000252427F0809800163BE9 /* ChangeDataTests.swift in Sources */ = {isa = PBXBuildFile; fileRef = 4000252327F0809800163BE9 /* ChangeDataTests.swift */; };
		4000252627F0C77F00163BE9 /* CatalogDataTests.swift in Sources */ = {isa = PBXBuildFile; fileRef = 4000252527F0C77F00163BE9 /* CatalogDataTests.swift */; };
		4000252927F0C99800163BE9 /* Product.swift in Sources */ = {isa = PBXBuildFile; fileRef = 4000252827F0C99800163BE9 /* Product.swift */; };
		4000252B27F0D08000163BE9 /* CatalogDataRequestFactory.swift in Sources */ = {isa = PBXBuildFile; fileRef = 4000252A27F0D08000163BE9 /* CatalogDataRequestFactory.swift */; };
		4000252D27F0D1FF00163BE9 /* CatalogDataResult.swift in Sources */ = {isa = PBXBuildFile; fileRef = 4000252C27F0D1FF00163BE9 /* CatalogDataResult.swift */; };
		4000253027F0D48600163BE9 /* CatalogData.swift in Sources */ = {isa = PBXBuildFile; fileRef = 4000252F27F0D48600163BE9 /* CatalogData.swift */; };
		4065714E27CE96DD003897A0 /* AppDelegate.swift in Sources */ = {isa = PBXBuildFile; fileRef = 4065714D27CE96DD003897A0 /* AppDelegate.swift */; };
		4065715027CE96DD003897A0 /* SceneDelegate.swift in Sources */ = {isa = PBXBuildFile; fileRef = 4065714F27CE96DD003897A0 /* SceneDelegate.swift */; };
		4065715A27CE96DE003897A0 /* Assets.xcassets in Resources */ = {isa = PBXBuildFile; fileRef = 4065715927CE96DE003897A0 /* Assets.xcassets */; };
		4065715D27CE96DE003897A0 /* LaunchScreen.storyboard in Resources */ = {isa = PBXBuildFile; fileRef = 4065715B27CE96DE003897A0 /* LaunchScreen.storyboard */; };
		4065716827CE96DE003897A0 /* GBShopTests.swift in Sources */ = {isa = PBXBuildFile; fileRef = 4065716727CE96DE003897A0 /* GBShopTests.swift */; };
		4065717227CE96DE003897A0 /* GBShopUITests.swift in Sources */ = {isa = PBXBuildFile; fileRef = 4065717127CE96DE003897A0 /* GBShopUITests.swift */; };
		4065717427CE96DE003897A0 /* GBShopUITestsLaunchTests.swift in Sources */ = {isa = PBXBuildFile; fileRef = 4065717327CE96DE003897A0 /* GBShopUITestsLaunchTests.swift */; };
		407BF33627E3B82000C17642 /* Swinject in Frameworks */ = {isa = PBXBuildFile; productRef = 407BF33527E3B82000C17642 /* Swinject */; };
		407BF33C27E3D05300C17642 /* ContainerAssembly.swift in Sources */ = {isa = PBXBuildFile; fileRef = 407BF33B27E3D05300C17642 /* ContainerAssembly.swift */; };
		407BF33E27E3D31200C17642 /* RequestSession.swift in Sources */ = {isa = PBXBuildFile; fileRef = 407BF33D27E3D31200C17642 /* RequestSession.swift */; };
		408DA72427DE9C6D00B18B4D /* Alamofire in Frameworks */ = {isa = PBXBuildFile; productRef = 408DA72327DE9C6D00B18B4D /* Alamofire */; };
		408DA72727DE9E0700B18B4D /* AbstractErrorParser.swift in Sources */ = {isa = PBXBuildFile; fileRef = 408DA72627DE9E0700B18B4D /* AbstractErrorParser.swift */; };
		408DA72927DE9E3B00B18B4D /* ErrorParser.swift in Sources */ = {isa = PBXBuildFile; fileRef = 408DA72827DE9E3B00B18B4D /* ErrorParser.swift */; };
		408DA72B27DE9EAA00B18B4D /* DataRequest.swift in Sources */ = {isa = PBXBuildFile; fileRef = 408DA72A27DE9EAA00B18B4D /* DataRequest.swift */; };
		408DA72D27DEA02B00B18B4D /* AbstractRequestFactory.swift in Sources */ = {isa = PBXBuildFile; fileRef = 408DA72C27DEA02B00B18B4D /* AbstractRequestFactory.swift */; };
		408DA72F27DEA05F00B18B4D /* RequestRouter.swift in Sources */ = {isa = PBXBuildFile; fileRef = 408DA72E27DEA05F00B18B4D /* RequestRouter.swift */; };
		408DA73127DEA0B000B18B4D /* LoginResult.swift in Sources */ = {isa = PBXBuildFile; fileRef = 408DA73027DEA0B000B18B4D /* LoginResult.swift */; };
		408DA73327DEA0F500B18B4D /* User.swift in Sources */ = {isa = PBXBuildFile; fileRef = 408DA73227DEA0F500B18B4D /* User.swift */; };
		408DA73627DEA16100B18B4D /* AuthRequestFactory.swift in Sources */ = {isa = PBXBuildFile; fileRef = 408DA73527DEA16100B18B4D /* AuthRequestFactory.swift */; };
		408DA73827DEA18300B18B4D /* Auth.swift in Sources */ = {isa = PBXBuildFile; fileRef = 408DA73727DEA18300B18B4D /* Auth.swift */; };
		408DA73A27DEA1AA00B18B4D /* RequestFactory.swift in Sources */ = {isa = PBXBuildFile; fileRef = 408DA73927DEA1AA00B18B4D /* RequestFactory.swift */; };
		40CB768D2803258E00E7EF8F /* Cart.swift in Sources */ = {isa = PBXBuildFile; fileRef = 40CB768C2803258E00E7EF8F /* Cart.swift */; };
		40CB768F280329CF00E7EF8F /* CartTests.swift in Sources */ = {isa = PBXBuildFile; fileRef = 40CB768E280329CF00E7EF8F /* CartTests.swift */; };
		40CB7691280337BA00E7EF8F /* Basket.swift in Sources */ = {isa = PBXBuildFile; fileRef = 40CB7690280337BA00E7EF8F /* Basket.swift */; };
		40CB7693280338BF00E7EF8F /* BasketRequestFactory.swift in Sources */ = {isa = PBXBuildFile; fileRef = 40CB7692280338BF00E7EF8F /* BasketRequestFactory.swift */; };
		40CB769528033A1A00E7EF8F /* BasketProduct.swift in Sources */ = {isa = PBXBuildFile; fileRef = 40CB769428033A1A00E7EF8F /* BasketProduct.swift */; };
		40CB769728033BD800E7EF8F /* BasketTests.swift in Sources */ = {isa = PBXBuildFile; fileRef = 40CB769628033BD800E7EF8F /* BasketTests.swift */; };
		40E09A9827E1192800804CAF /* RegisterRequestFactory.swift in Sources */ = {isa = PBXBuildFile; fileRef = 40E09A9727E1192800804CAF /* RegisterRequestFactory.swift */; };
		40E09A9A27E11A8700804CAF /* AbstractResult.swift in Sources */ = {isa = PBXBuildFile; fileRef = 40E09A9927E11A8700804CAF /* AbstractResult.swift */; };
		40E09A9E27E11B6F00804CAF /* ChangeDataRequestFactory.swift in Sources */ = {isa = PBXBuildFile; fileRef = 40E09A9D27E11B6F00804CAF /* ChangeDataRequestFactory.swift */; };
		40E09AA227E11C3E00804CAF /* UserData.swift in Sources */ = {isa = PBXBuildFile; fileRef = 40E09AA127E11C3E00804CAF /* UserData.swift */; };
		40E09AA427E122DA00804CAF /* Register.swift in Sources */ = {isa = PBXBuildFile; fileRef = 40E09AA327E122DA00804CAF /* Register.swift */; };
		40E09AA627E122E900804CAF /* ChangeData.swift in Sources */ = {isa = PBXBuildFile; fileRef = 40E09AA527E122E900804CAF /* ChangeData.swift */; };
		40ECB1A827F4DB51009320BD /* ReviewRequestFactory.swift in Sources */ = {isa = PBXBuildFile; fileRef = 40ECB1A727F4DB51009320BD /* ReviewRequestFactory.swift */; };
		40ECB1AA27F4DD32009320BD /* Review.swift in Sources */ = {isa = PBXBuildFile; fileRef = 40ECB1A927F4DD32009320BD /* Review.swift */; };
		40ECB1AC27F4DDDD009320BD /* ReviewsResult.swift in Sources */ = {isa = PBXBuildFile; fileRef = 40ECB1AB27F4DDDD009320BD /* ReviewsResult.swift */; };
		40ECB1AE27F4E2B6009320BD /* ReviewTests.swift in Sources */ = {isa = PBXBuildFile; fileRef = 40ECB1AD27F4E2B6009320BD /* ReviewTests.swift */; };
		40F43F4927EFB4210075D912 /* AuthTests.swift in Sources */ = {isa = PBXBuildFile; fileRef = 40F43F4827EFB4210075D912 /* AuthTests.swift */; };
/* End PBXBuildFile section */

/* Begin PBXContainerItemProxy section */
		4065716427CE96DE003897A0 /* PBXContainerItemProxy */ = {
			isa = PBXContainerItemProxy;
			containerPortal = 4065714227CE96DD003897A0 /* Project object */;
			proxyType = 1;
			remoteGlobalIDString = 4065714927CE96DD003897A0;
			remoteInfo = GBShop;
		};
		4065716E27CE96DE003897A0 /* PBXContainerItemProxy */ = {
			isa = PBXContainerItemProxy;
			containerPortal = 4065714227CE96DD003897A0 /* Project object */;
			proxyType = 1;
			remoteGlobalIDString = 4065714927CE96DD003897A0;
			remoteInfo = GBShop;
		};
/* End PBXContainerItemProxy section */

/* Begin PBXFileReference section */
		4000252127F0808300163BE9 /* RegisterTests.swift */ = {isa = PBXFileReference; lastKnownFileType = sourcecode.swift; path = RegisterTests.swift; sourceTree = "<group>"; };
		4000252327F0809800163BE9 /* ChangeDataTests.swift */ = {isa = PBXFileReference; lastKnownFileType = sourcecode.swift; path = ChangeDataTests.swift; sourceTree = "<group>"; };
		4000252527F0C77F00163BE9 /* CatalogDataTests.swift */ = {isa = PBXFileReference; lastKnownFileType = sourcecode.swift; path = CatalogDataTests.swift; sourceTree = "<group>"; };
		4000252827F0C99800163BE9 /* Product.swift */ = {isa = PBXFileReference; lastKnownFileType = sourcecode.swift; path = Product.swift; sourceTree = "<group>"; };
		4000252A27F0D08000163BE9 /* CatalogDataRequestFactory.swift */ = {isa = PBXFileReference; lastKnownFileType = sourcecode.swift; path = CatalogDataRequestFactory.swift; sourceTree = "<group>"; };
		4000252C27F0D1FF00163BE9 /* CatalogDataResult.swift */ = {isa = PBXFileReference; lastKnownFileType = sourcecode.swift; path = CatalogDataResult.swift; sourceTree = "<group>"; };
		4000252F27F0D48600163BE9 /* CatalogData.swift */ = {isa = PBXFileReference; lastKnownFileType = sourcecode.swift; path = CatalogData.swift; sourceTree = "<group>"; };
		4065714A27CE96DD003897A0 /* GBShop.app */ = {isa = PBXFileReference; explicitFileType = wrapper.application; includeInIndex = 0; path = GBShop.app; sourceTree = BUILT_PRODUCTS_DIR; };
		4065714D27CE96DD003897A0 /* AppDelegate.swift */ = {isa = PBXFileReference; lastKnownFileType = sourcecode.swift; path = AppDelegate.swift; sourceTree = "<group>"; };
		4065714F27CE96DD003897A0 /* SceneDelegate.swift */ = {isa = PBXFileReference; lastKnownFileType = sourcecode.swift; path = SceneDelegate.swift; sourceTree = "<group>"; };
		4065715927CE96DE003897A0 /* Assets.xcassets */ = {isa = PBXFileReference; lastKnownFileType = folder.assetcatalog; path = Assets.xcassets; sourceTree = "<group>"; };
		4065715C27CE96DE003897A0 /* Base */ = {isa = PBXFileReference; lastKnownFileType = file.storyboard; name = Base; path = Base.lproj/LaunchScreen.storyboard; sourceTree = "<group>"; };
		4065715E27CE96DE003897A0 /* Info.plist */ = {isa = PBXFileReference; lastKnownFileType = text.plist.xml; name = Info.plist; path = GBShop/Environments/Info.plist; sourceTree = SOURCE_ROOT; };
		4065716327CE96DE003897A0 /* GBShopTests.xctest */ = {isa = PBXFileReference; explicitFileType = wrapper.cfbundle; includeInIndex = 0; path = GBShopTests.xctest; sourceTree = BUILT_PRODUCTS_DIR; };
		4065716727CE96DE003897A0 /* GBShopTests.swift */ = {isa = PBXFileReference; lastKnownFileType = sourcecode.swift; path = GBShopTests.swift; sourceTree = "<group>"; };
		4065716D27CE96DE003897A0 /* GBShopUITests.xctest */ = {isa = PBXFileReference; explicitFileType = wrapper.cfbundle; includeInIndex = 0; path = GBShopUITests.xctest; sourceTree = BUILT_PRODUCTS_DIR; };
		4065717127CE96DE003897A0 /* GBShopUITests.swift */ = {isa = PBXFileReference; lastKnownFileType = sourcecode.swift; path = GBShopUITests.swift; sourceTree = "<group>"; };
		4065717327CE96DE003897A0 /* GBShopUITestsLaunchTests.swift */ = {isa = PBXFileReference; lastKnownFileType = sourcecode.swift; path = GBShopUITestsLaunchTests.swift; sourceTree = "<group>"; };
		407BF33B27E3D05300C17642 /* ContainerAssembly.swift */ = {isa = PBXFileReference; lastKnownFileType = sourcecode.swift; path = ContainerAssembly.swift; sourceTree = "<group>"; };
		407BF33D27E3D31200C17642 /* RequestSession.swift */ = {isa = PBXFileReference; lastKnownFileType = sourcecode.swift; path = RequestSession.swift; sourceTree = "<group>"; };
		408DA72627DE9E0700B18B4D /* AbstractErrorParser.swift */ = {isa = PBXFileReference; lastKnownFileType = sourcecode.swift; path = AbstractErrorParser.swift; sourceTree = "<group>"; };
		408DA72827DE9E3B00B18B4D /* ErrorParser.swift */ = {isa = PBXFileReference; lastKnownFileType = sourcecode.swift; path = ErrorParser.swift; sourceTree = "<group>"; };
		408DA72A27DE9EAA00B18B4D /* DataRequest.swift */ = {isa = PBXFileReference; lastKnownFileType = sourcecode.swift; path = DataRequest.swift; sourceTree = "<group>"; };
		408DA72C27DEA02B00B18B4D /* AbstractRequestFactory.swift */ = {isa = PBXFileReference; lastKnownFileType = sourcecode.swift; path = AbstractRequestFactory.swift; sourceTree = "<group>"; };
		408DA72E27DEA05F00B18B4D /* RequestRouter.swift */ = {isa = PBXFileReference; lastKnownFileType = sourcecode.swift; path = RequestRouter.swift; sourceTree = "<group>"; };
		408DA73027DEA0B000B18B4D /* LoginResult.swift */ = {isa = PBXFileReference; lastKnownFileType = sourcecode.swift; path = LoginResult.swift; sourceTree = "<group>"; };
		408DA73227DEA0F500B18B4D /* User.swift */ = {isa = PBXFileReference; lastKnownFileType = sourcecode.swift; path = User.swift; sourceTree = "<group>"; };
		408DA73527DEA16100B18B4D /* AuthRequestFactory.swift */ = {isa = PBXFileReference; lastKnownFileType = sourcecode.swift; path = AuthRequestFactory.swift; sourceTree = "<group>"; };
		408DA73727DEA18300B18B4D /* Auth.swift */ = {isa = PBXFileReference; lastKnownFileType = sourcecode.swift; path = Auth.swift; sourceTree = "<group>"; };
		408DA73927DEA1AA00B18B4D /* RequestFactory.swift */ = {isa = PBXFileReference; lastKnownFileType = sourcecode.swift; path = RequestFactory.swift; sourceTree = "<group>"; };
		40CB768C2803258E00E7EF8F /* Cart.swift */ = {isa = PBXFileReference; lastKnownFileType = sourcecode.swift; path = Cart.swift; sourceTree = "<group>"; };
		40CB768E280329CF00E7EF8F /* CartTests.swift */ = {isa = PBXFileReference; lastKnownFileType = sourcecode.swift; path = CartTests.swift; sourceTree = "<group>"; };
		40CB7690280337BA00E7EF8F /* Basket.swift */ = {isa = PBXFileReference; lastKnownFileType = sourcecode.swift; path = Basket.swift; sourceTree = "<group>"; };
		40CB7692280338BF00E7EF8F /* BasketRequestFactory.swift */ = {isa = PBXFileReference; lastKnownFileType = sourcecode.swift; path = BasketRequestFactory.swift; sourceTree = "<group>"; };
		40CB769428033A1A00E7EF8F /* BasketProduct.swift */ = {isa = PBXFileReference; lastKnownFileType = sourcecode.swift; path = BasketProduct.swift; sourceTree = "<group>"; };
		40CB769628033BD800E7EF8F /* BasketTests.swift */ = {isa = PBXFileReference; lastKnownFileType = sourcecode.swift; path = BasketTests.swift; sourceTree = "<group>"; };
		40E09A9727E1192800804CAF /* RegisterRequestFactory.swift */ = {isa = PBXFileReference; lastKnownFileType = sourcecode.swift; path = RegisterRequestFactory.swift; sourceTree = "<group>"; };
		40E09A9927E11A8700804CAF /* AbstractResult.swift */ = {isa = PBXFileReference; lastKnownFileType = sourcecode.swift; path = AbstractResult.swift; sourceTree = "<group>"; };
		40E09A9D27E11B6F00804CAF /* ChangeDataRequestFactory.swift */ = {isa = PBXFileReference; lastKnownFileType = sourcecode.swift; path = ChangeDataRequestFactory.swift; sourceTree = "<group>"; };
		40E09AA127E11C3E00804CAF /* UserData.swift */ = {isa = PBXFileReference; lastKnownFileType = sourcecode.swift; path = UserData.swift; sourceTree = "<group>"; };
		40E09AA327E122DA00804CAF /* Register.swift */ = {isa = PBXFileReference; lastKnownFileType = sourcecode.swift; path = Register.swift; sourceTree = "<group>"; };
		40E09AA527E122E900804CAF /* ChangeData.swift */ = {isa = PBXFileReference; lastKnownFileType = sourcecode.swift; path = ChangeData.swift; sourceTree = "<group>"; };
		40ECB1A727F4DB51009320BD /* ReviewRequestFactory.swift */ = {isa = PBXFileReference; lastKnownFileType = sourcecode.swift; path = ReviewRequestFactory.swift; sourceTree = "<group>"; };
		40ECB1A927F4DD32009320BD /* Review.swift */ = {isa = PBXFileReference; lastKnownFileType = sourcecode.swift; path = Review.swift; sourceTree = "<group>"; };
		40ECB1AB27F4DDDD009320BD /* ReviewsResult.swift */ = {isa = PBXFileReference; lastKnownFileType = sourcecode.swift; path = ReviewsResult.swift; sourceTree = "<group>"; };
		40ECB1AD27F4E2B6009320BD /* ReviewTests.swift */ = {isa = PBXFileReference; lastKnownFileType = sourcecode.swift; path = ReviewTests.swift; sourceTree = "<group>"; };
		40F43F4827EFB4210075D912 /* AuthTests.swift */ = {isa = PBXFileReference; lastKnownFileType = sourcecode.swift; path = AuthTests.swift; sourceTree = "<group>"; };
/* End PBXFileReference section */

/* Begin PBXFrameworksBuildPhase section */
		4065714727CE96DD003897A0 /* Frameworks */ = {
			isa = PBXFrameworksBuildPhase;
			buildActionMask = 2147483647;
			files = (
				408DA72427DE9C6D00B18B4D /* Alamofire in Frameworks */,
				407BF33627E3B82000C17642 /* Swinject in Frameworks */,
			);
			runOnlyForDeploymentPostprocessing = 0;
		};
		4065716027CE96DE003897A0 /* Frameworks */ = {
			isa = PBXFrameworksBuildPhase;
			buildActionMask = 2147483647;
			files = (
			);
			runOnlyForDeploymentPostprocessing = 0;
		};
		4065716A27CE96DE003897A0 /* Frameworks */ = {
			isa = PBXFrameworksBuildPhase;
			buildActionMask = 2147483647;
			files = (
			);
			runOnlyForDeploymentPostprocessing = 0;
		};
/* End PBXFrameworksBuildPhase section */

/* Begin PBXGroup section */
		4065714127CE96DD003897A0 = {
			isa = PBXGroup;
			children = (
				4065714C27CE96DD003897A0 /* GBShop */,
				4065716627CE96DE003897A0 /* GBShopTests */,
				4065717027CE96DE003897A0 /* GBShopUITests */,
				4065714B27CE96DD003897A0 /* Products */,
			);
			sourceTree = "<group>";
		};
		4065714B27CE96DD003897A0 /* Products */ = {
			isa = PBXGroup;
			children = (
				4065714A27CE96DD003897A0 /* GBShop.app */,
				4065716327CE96DE003897A0 /* GBShopTests.xctest */,
				4065716D27CE96DE003897A0 /* GBShopUITests.xctest */,
			);
			name = Products;
			sourceTree = "<group>";
		};
		4065714C27CE96DD003897A0 /* GBShop */ = {
			isa = PBXGroup;
			children = (
				40F43F4727EFB3FA0075D912 /* BusinessLogic */,
				40E8545527CEA44D0079C09D /* App */,
				40E8545627CEA4670079C09D /* Core */,
				40E8545727CEA46F0079C09D /* Resources */,
				40E8545827CEA47C0079C09D /* Environments */,
			);
			path = GBShop;
			sourceTree = "<group>";
		};
		4065716627CE96DE003897A0 /* GBShopTests */ = {
			isa = PBXGroup;
			children = (
				4065716727CE96DE003897A0 /* GBShopTests.swift */,
				40F43F4827EFB4210075D912 /* AuthTests.swift */,
				4000252127F0808300163BE9 /* RegisterTests.swift */,
				4000252327F0809800163BE9 /* ChangeDataTests.swift */,
				4000252527F0C77F00163BE9 /* CatalogDataTests.swift */,
				40ECB1AD27F4E2B6009320BD /* ReviewTests.swift */,
				40CB768E280329CF00E7EF8F /* CartTests.swift */,
				40CB769628033BD800E7EF8F /* BasketTests.swift */,
			);
			path = GBShopTests;
			sourceTree = "<group>";
		};
		4065717027CE96DE003897A0 /* GBShopUITests */ = {
			isa = PBXGroup;
			children = (
				4065717127CE96DE003897A0 /* GBShopUITests.swift */,
				4065717327CE96DE003897A0 /* GBShopUITestsLaunchTests.swift */,
			);
			path = GBShopUITests;
			sourceTree = "<group>";
		};
		408DA72527DE9DC900B18B4D /* Network */ = {
			isa = PBXGroup;
			children = (
				408DA73427DEA14F00B18B4D /* BusinessLogic */,
				408DA72627DE9E0700B18B4D /* AbstractErrorParser.swift */,
				408DA72827DE9E3B00B18B4D /* ErrorParser.swift */,
				408DA72A27DE9EAA00B18B4D /* DataRequest.swift */,
				408DA72C27DEA02B00B18B4D /* AbstractRequestFactory.swift */,
				408DA72E27DEA05F00B18B4D /* RequestRouter.swift */,
				407BF33D27E3D31200C17642 /* RequestSession.swift */,
			);
			path = Network;
			sourceTree = "<group>";
		};
		408DA73427DEA14F00B18B4D /* BusinessLogic */ = {
			isa = PBXGroup;
			children = (
				408DA73927DEA1AA00B18B4D /* RequestFactory.swift */,
				408DA73527DEA16100B18B4D /* AuthRequestFactory.swift */,
				408DA73727DEA18300B18B4D /* Auth.swift */,
				40E09A9727E1192800804CAF /* RegisterRequestFactory.swift */,
				40E09AA327E122DA00804CAF /* Register.swift */,
				40E09A9D27E11B6F00804CAF /* ChangeDataRequestFactory.swift */,
				40E09AA527E122E900804CAF /* ChangeData.swift */,
				4000252A27F0D08000163BE9 /* CatalogDataRequestFactory.swift */,
				4000252F27F0D48600163BE9 /* CatalogData.swift */,
				40ECB1A727F4DB51009320BD /* ReviewRequestFactory.swift */,
				40ECB1A927F4DD32009320BD /* Review.swift */,
				40CB7692280338BF00E7EF8F /* BasketRequestFactory.swift */,
				40CB7690280337BA00E7EF8F /* Basket.swift */,
			);
			path = BusinessLogic;
			sourceTree = "<group>";
		};
		40E8545527CEA44D0079C09D /* App */ = {
			isa = PBXGroup;
			children = (
				4065714D27CE96DD003897A0 /* AppDelegate.swift */,
				4065714F27CE96DD003897A0 /* SceneDelegate.swift */,
				40E8545B27CEA8480079C09D /* Entity */,
				40E8545A27CEA83D0079C09D /* Assembly */,
				40E8545927CEA82D0079C09D /* Flows */,
			);
			path = App;
			sourceTree = "<group>";
		};
		40E8545627CEA4670079C09D /* Core */ = {
			isa = PBXGroup;
			children = (
				408DA72527DE9DC900B18B4D /* Network */,
			);
			path = Core;
			sourceTree = "<group>";
		};
		40E8545727CEA46F0079C09D /* Resources */ = {
			isa = PBXGroup;
			children = (
				4065715927CE96DE003897A0 /* Assets.xcassets */,
				4065715B27CE96DE003897A0 /* LaunchScreen.storyboard */,
			);
			path = Resources;
			sourceTree = "<group>";
		};
		40E8545827CEA47C0079C09D /* Environments */ = {
			isa = PBXGroup;
			children = (
				4065715E27CE96DE003897A0 /* Info.plist */,
			);
			path = Environments;
			sourceTree = "<group>";
		};
		40E8545927CEA82D0079C09D /* Flows */ = {
			isa = PBXGroup;
			children = (
			);
			path = Flows;
			sourceTree = "<group>";
		};
		40E8545A27CEA83D0079C09D /* Assembly */ = {
			isa = PBXGroup;
			children = (
				407BF33B27E3D05300C17642 /* ContainerAssembly.swift */,
			);
			path = Assembly;
			sourceTree = "<group>";
		};
		40E8545B27CEA8480079C09D /* Entity */ = {
			isa = PBXGroup;
			children = (
				408DA73027DEA0B000B18B4D /* LoginResult.swift */,
				40E09A9927E11A8700804CAF /* AbstractResult.swift */,
				4000252C27F0D1FF00163BE9 /* CatalogDataResult.swift */,
				408DA73227DEA0F500B18B4D /* User.swift */,
				40E09AA127E11C3E00804CAF /* UserData.swift */,
				4000252827F0C99800163BE9 /* Product.swift */,
				40ECB1AB27F4DDDD009320BD /* ReviewsResult.swift */,
				40CB768C2803258E00E7EF8F /* Cart.swift */,
				40CB769428033A1A00E7EF8F /* BasketProduct.swift */,
			);
			path = Entity;
			sourceTree = "<group>";
		};
		40F43F4727EFB3FA0075D912 /* BusinessLogic */ = {
			isa = PBXGroup;
			children = (
			);
			path = BusinessLogic;
			sourceTree = "<group>";
		};
/* End PBXGroup section */

/* Begin PBXNativeTarget section */
		4065714927CE96DD003897A0 /* GBShop */ = {
			isa = PBXNativeTarget;
			buildConfigurationList = 4065717727CE96DE003897A0 /* Build configuration list for PBXNativeTarget "GBShop" */;
			buildPhases = (
				4065714627CE96DD003897A0 /* Sources */,
				4065714727CE96DD003897A0 /* Frameworks */,
				4065714827CE96DD003897A0 /* Resources */,
				40ECB1A627F4D36E009320BD /* SwiftLint */,
			);
			buildRules = (
			);
			dependencies = (
			);
			name = GBShop;
			packageProductDependencies = (
				408DA72327DE9C6D00B18B4D /* Alamofire */,
				407BF33527E3B82000C17642 /* Swinject */,
			);
			productName = GBShop;
			productReference = 4065714A27CE96DD003897A0 /* GBShop.app */;
			productType = "com.apple.product-type.application";
		};
		4065716227CE96DE003897A0 /* GBShopTests */ = {
			isa = PBXNativeTarget;
			buildConfigurationList = 4065717A27CE96DE003897A0 /* Build configuration list for PBXNativeTarget "GBShopTests" */;
			buildPhases = (
				4065715F27CE96DE003897A0 /* Sources */,
				4065716027CE96DE003897A0 /* Frameworks */,
				4065716127CE96DE003897A0 /* Resources */,
			);
			buildRules = (
			);
			dependencies = (
				4065716527CE96DE003897A0 /* PBXTargetDependency */,
			);
			name = GBShopTests;
			productName = GBShopTests;
			productReference = 4065716327CE96DE003897A0 /* GBShopTests.xctest */;
			productType = "com.apple.product-type.bundle.unit-test";
		};
		4065716C27CE96DE003897A0 /* GBShopUITests */ = {
			isa = PBXNativeTarget;
			buildConfigurationList = 4065717D27CE96DE003897A0 /* Build configuration list for PBXNativeTarget "GBShopUITests" */;
			buildPhases = (
				4065716927CE96DE003897A0 /* Sources */,
				4065716A27CE96DE003897A0 /* Frameworks */,
				4065716B27CE96DE003897A0 /* Resources */,
			);
			buildRules = (
			);
			dependencies = (
				4065716F27CE96DE003897A0 /* PBXTargetDependency */,
			);
			name = GBShopUITests;
			productName = GBShopUITests;
			productReference = 4065716D27CE96DE003897A0 /* GBShopUITests.xctest */;
			productType = "com.apple.product-type.bundle.ui-testing";
		};
/* End PBXNativeTarget section */

/* Begin PBXProject section */
		4065714227CE96DD003897A0 /* Project object */ = {
			isa = PBXProject;
			attributes = {
				BuildIndependentTargetsInParallel = 1;
				LastSwiftUpdateCheck = 1320;
				LastUpgradeCheck = 1320;
				TargetAttributes = {
					4065714927CE96DD003897A0 = {
						CreatedOnToolsVersion = 13.2.1;
					};
					4065716227CE96DE003897A0 = {
						CreatedOnToolsVersion = 13.2.1;
						TestTargetID = 4065714927CE96DD003897A0;
					};
					4065716C27CE96DE003897A0 = {
						CreatedOnToolsVersion = 13.2.1;
						TestTargetID = 4065714927CE96DD003897A0;
					};
				};
			};
			buildConfigurationList = 4065714527CE96DD003897A0 /* Build configuration list for PBXProject "GBShop" */;
			compatibilityVersion = "Xcode 13.0";
			developmentRegion = en;
			hasScannedForEncodings = 0;
			knownRegions = (
				en,
				Base,
			);
			mainGroup = 4065714127CE96DD003897A0;
			packageReferences = (
				408DA72227DE9C6D00B18B4D /* XCRemoteSwiftPackageReference "Alamofire" */,
				407BF33427E3B82000C17642 /* XCRemoteSwiftPackageReference "Swinject" */,
			);
			productRefGroup = 4065714B27CE96DD003897A0 /* Products */;
			projectDirPath = "";
			projectRoot = "";
			targets = (
				4065714927CE96DD003897A0 /* GBShop */,
				4065716227CE96DE003897A0 /* GBShopTests */,
				4065716C27CE96DE003897A0 /* GBShopUITests */,
			);
		};
/* End PBXProject section */

/* Begin PBXResourcesBuildPhase section */
		4065714827CE96DD003897A0 /* Resources */ = {
			isa = PBXResourcesBuildPhase;
			buildActionMask = 2147483647;
			files = (
				4065715D27CE96DE003897A0 /* LaunchScreen.storyboard in Resources */,
				4065715A27CE96DE003897A0 /* Assets.xcassets in Resources */,
			);
			runOnlyForDeploymentPostprocessing = 0;
		};
		4065716127CE96DE003897A0 /* Resources */ = {
			isa = PBXResourcesBuildPhase;
			buildActionMask = 2147483647;
			files = (
			);
			runOnlyForDeploymentPostprocessing = 0;
		};
		4065716B27CE96DE003897A0 /* Resources */ = {
			isa = PBXResourcesBuildPhase;
			buildActionMask = 2147483647;
			files = (
			);
			runOnlyForDeploymentPostprocessing = 0;
		};
/* End PBXResourcesBuildPhase section */

/* Begin PBXShellScriptBuildPhase section */
		40ECB1A627F4D36E009320BD /* SwiftLint */ = {
			isa = PBXShellScriptBuildPhase;
			buildActionMask = 2147483647;
			files = (
			);
			inputFileListPaths = (
			);
			inputPaths = (
			);
			name = SwiftLint;
			outputFileListPaths = (
			);
			outputPaths = (
			);
			runOnlyForDeploymentPostprocessing = 0;
			shellPath = /bin/sh;
			shellScript = "if which swiftlint > /dev/null; then\n  swiftlint\nelse\n  echo \"warning: SwiftLint not installed, download from https://github.com/realm/SwiftLint\"\nfi\n";
		};
/* End PBXShellScriptBuildPhase section */

/* Begin PBXSourcesBuildPhase section */
		4065714627CE96DD003897A0 /* Sources */ = {
			isa = PBXSourcesBuildPhase;
			buildActionMask = 2147483647;
			files = (
				4000253027F0D48600163BE9 /* CatalogData.swift in Sources */,
				408DA73A27DEA1AA00B18B4D /* RequestFactory.swift in Sources */,
				408DA72727DE9E0700B18B4D /* AbstractErrorParser.swift in Sources */,
				40CB768D2803258E00E7EF8F /* Cart.swift in Sources */,
				408DA72B27DE9EAA00B18B4D /* DataRequest.swift in Sources */,
				408DA73627DEA16100B18B4D /* AuthRequestFactory.swift in Sources */,
				40E09A9A27E11A8700804CAF /* AbstractResult.swift in Sources */,
				40ECB1A827F4DB51009320BD /* ReviewRequestFactory.swift in Sources */,
				4000252927F0C99800163BE9 /* Product.swift in Sources */,
				408DA72F27DEA05F00B18B4D /* RequestRouter.swift in Sources */,
				4000252D27F0D1FF00163BE9 /* CatalogDataResult.swift in Sources */,
				4065714E27CE96DD003897A0 /* AppDelegate.swift in Sources */,
				40CB7691280337BA00E7EF8F /* Basket.swift in Sources */,
				408DA73127DEA0B000B18B4D /* LoginResult.swift in Sources */,
				40CB7693280338BF00E7EF8F /* BasketRequestFactory.swift in Sources */,
				408DA73827DEA18300B18B4D /* Auth.swift in Sources */,
				4000252B27F0D08000163BE9 /* CatalogDataRequestFactory.swift in Sources */,
				408DA73327DEA0F500B18B4D /* User.swift in Sources */,
				40E09A9E27E11B6F00804CAF /* ChangeDataRequestFactory.swift in Sources */,
				40E09AA427E122DA00804CAF /* Register.swift in Sources */,
				40E09AA227E11C3E00804CAF /* UserData.swift in Sources */,
				4065715027CE96DD003897A0 /* SceneDelegate.swift in Sources */,
				40ECB1AC27F4DDDD009320BD /* ReviewsResult.swift in Sources */,
				407BF33E27E3D31200C17642 /* RequestSession.swift in Sources */,
				40E09A9827E1192800804CAF /* RegisterRequestFactory.swift in Sources */,
				40ECB1AA27F4DD32009320BD /* Review.swift in Sources */,
				40E09AA627E122E900804CAF /* ChangeData.swift in Sources */,
				40CB769528033A1A00E7EF8F /* BasketProduct.swift in Sources */,
				407BF33C27E3D05300C17642 /* ContainerAssembly.swift in Sources */,
				408DA72D27DEA02B00B18B4D /* AbstractRequestFactory.swift in Sources */,
				408DA72927DE9E3B00B18B4D /* ErrorParser.swift in Sources */,
			);
			runOnlyForDeploymentPostprocessing = 0;
		};
		4065715F27CE96DE003897A0 /* Sources */ = {
			isa = PBXSourcesBuildPhase;
			buildActionMask = 2147483647;
			files = (
				4065716827CE96DE003897A0 /* GBShopTests.swift in Sources */,
				40CB769728033BD800E7EF8F /* BasketTests.swift in Sources */,
				40F43F4927EFB4210075D912 /* AuthTests.swift in Sources */,
				4000252227F0808300163BE9 /* RegisterTests.swift in Sources */,
				4000252627F0C77F00163BE9 /* CatalogDataTests.swift in Sources */,
				40CB768F280329CF00E7EF8F /* CartTests.swift in Sources */,
				4000252427F0809800163BE9 /* ChangeDataTests.swift in Sources */,
				40ECB1AE27F4E2B6009320BD /* ReviewTests.swift in Sources */,
			);
			runOnlyForDeploymentPostprocessing = 0;
		};
		4065716927CE96DE003897A0 /* Sources */ = {
			isa = PBXSourcesBuildPhase;
			buildActionMask = 2147483647;
			files = (
				4065717227CE96DE003897A0 /* GBShopUITests.swift in Sources */,
				4065717427CE96DE003897A0 /* GBShopUITestsLaunchTests.swift in Sources */,
			);
			runOnlyForDeploymentPostprocessing = 0;
		};
/* End PBXSourcesBuildPhase section */

/* Begin PBXTargetDependency section */
		4065716527CE96DE003897A0 /* PBXTargetDependency */ = {
			isa = PBXTargetDependency;
			target = 4065714927CE96DD003897A0 /* GBShop */;
			targetProxy = 4065716427CE96DE003897A0 /* PBXContainerItemProxy */;
		};
		4065716F27CE96DE003897A0 /* PBXTargetDependency */ = {
			isa = PBXTargetDependency;
			target = 4065714927CE96DD003897A0 /* GBShop */;
			targetProxy = 4065716E27CE96DE003897A0 /* PBXContainerItemProxy */;
		};
/* End PBXTargetDependency section */

/* Begin PBXVariantGroup section */
		4065715B27CE96DE003897A0 /* LaunchScreen.storyboard */ = {
			isa = PBXVariantGroup;
			children = (
				4065715C27CE96DE003897A0 /* Base */,
			);
			name = LaunchScreen.storyboard;
			sourceTree = "<group>";
		};
/* End PBXVariantGroup section */

/* Begin XCBuildConfiguration section */
		4065717527CE96DE003897A0 /* Debug */ = {
			isa = XCBuildConfiguration;
			buildSettings = {
				ALWAYS_SEARCH_USER_PATHS = NO;
				CLANG_ANALYZER_NONNULL = YES;
				CLANG_ANALYZER_NUMBER_OBJECT_CONVERSION = YES_AGGRESSIVE;
				CLANG_CXX_LANGUAGE_STANDARD = "gnu++17";
				CLANG_CXX_LIBRARY = "libc++";
				CLANG_ENABLE_MODULES = YES;
				CLANG_ENABLE_OBJC_ARC = YES;
				CLANG_ENABLE_OBJC_WEAK = YES;
				CLANG_WARN_BLOCK_CAPTURE_AUTORELEASING = YES;
				CLANG_WARN_BOOL_CONVERSION = YES;
				CLANG_WARN_COMMA = YES;
				CLANG_WARN_CONSTANT_CONVERSION = YES;
				CLANG_WARN_DEPRECATED_OBJC_IMPLEMENTATIONS = YES;
				CLANG_WARN_DIRECT_OBJC_ISA_USAGE = YES_ERROR;
				CLANG_WARN_DOCUMENTATION_COMMENTS = YES;
				CLANG_WARN_EMPTY_BODY = YES;
				CLANG_WARN_ENUM_CONVERSION = YES;
				CLANG_WARN_INFINITE_RECURSION = YES;
				CLANG_WARN_INT_CONVERSION = YES;
				CLANG_WARN_NON_LITERAL_NULL_CONVERSION = YES;
				CLANG_WARN_OBJC_IMPLICIT_RETAIN_SELF = YES;
				CLANG_WARN_OBJC_LITERAL_CONVERSION = YES;
				CLANG_WARN_OBJC_ROOT_CLASS = YES_ERROR;
				CLANG_WARN_QUOTED_INCLUDE_IN_FRAMEWORK_HEADER = YES;
				CLANG_WARN_RANGE_LOOP_ANALYSIS = YES;
				CLANG_WARN_STRICT_PROTOTYPES = YES;
				CLANG_WARN_SUSPICIOUS_MOVE = YES;
				CLANG_WARN_UNGUARDED_AVAILABILITY = YES_AGGRESSIVE;
				CLANG_WARN_UNREACHABLE_CODE = YES;
				CLANG_WARN__DUPLICATE_METHOD_MATCH = YES;
				COPY_PHASE_STRIP = NO;
				DEBUG_INFORMATION_FORMAT = dwarf;
				ENABLE_STRICT_OBJC_MSGSEND = YES;
				ENABLE_TESTABILITY = YES;
				GCC_C_LANGUAGE_STANDARD = gnu11;
				GCC_DYNAMIC_NO_PIC = NO;
				GCC_NO_COMMON_BLOCKS = YES;
				GCC_OPTIMIZATION_LEVEL = 0;
				GCC_PREPROCESSOR_DEFINITIONS = (
					"DEBUG=1",
					"$(inherited)",
				);
				GCC_WARN_64_TO_32_BIT_CONVERSION = YES;
				GCC_WARN_ABOUT_RETURN_TYPE = YES_ERROR;
				GCC_WARN_UNDECLARED_SELECTOR = YES;
				GCC_WARN_UNINITIALIZED_AUTOS = YES_AGGRESSIVE;
				GCC_WARN_UNUSED_FUNCTION = YES;
				GCC_WARN_UNUSED_VARIABLE = YES;
				INFOPLIST_FILE = GBShop/Environments/Info.plist;
				IPHONEOS_DEPLOYMENT_TARGET = 15.2;
				MTL_ENABLE_DEBUG_INFO = INCLUDE_SOURCE;
				MTL_FAST_MATH = YES;
				ONLY_ACTIVE_ARCH = YES;
				SDKROOT = iphoneos;
				SWIFT_ACTIVE_COMPILATION_CONDITIONS = DEBUG;
				SWIFT_OPTIMIZATION_LEVEL = "-Onone";
			};
			name = Debug;
		};
		4065717627CE96DE003897A0 /* Release */ = {
			isa = XCBuildConfiguration;
			buildSettings = {
				ALWAYS_SEARCH_USER_PATHS = NO;
				CLANG_ANALYZER_NONNULL = YES;
				CLANG_ANALYZER_NUMBER_OBJECT_CONVERSION = YES_AGGRESSIVE;
				CLANG_CXX_LANGUAGE_STANDARD = "gnu++17";
				CLANG_CXX_LIBRARY = "libc++";
				CLANG_ENABLE_MODULES = YES;
				CLANG_ENABLE_OBJC_ARC = YES;
				CLANG_ENABLE_OBJC_WEAK = YES;
				CLANG_WARN_BLOCK_CAPTURE_AUTORELEASING = YES;
				CLANG_WARN_BOOL_CONVERSION = YES;
				CLANG_WARN_COMMA = YES;
				CLANG_WARN_CONSTANT_CONVERSION = YES;
				CLANG_WARN_DEPRECATED_OBJC_IMPLEMENTATIONS = YES;
				CLANG_WARN_DIRECT_OBJC_ISA_USAGE = YES_ERROR;
				CLANG_WARN_DOCUMENTATION_COMMENTS = YES;
				CLANG_WARN_EMPTY_BODY = YES;
				CLANG_WARN_ENUM_CONVERSION = YES;
				CLANG_WARN_INFINITE_RECURSION = YES;
				CLANG_WARN_INT_CONVERSION = YES;
				CLANG_WARN_NON_LITERAL_NULL_CONVERSION = YES;
				CLANG_WARN_OBJC_IMPLICIT_RETAIN_SELF = YES;
				CLANG_WARN_OBJC_LITERAL_CONVERSION = YES;
				CLANG_WARN_OBJC_ROOT_CLASS = YES_ERROR;
				CLANG_WARN_QUOTED_INCLUDE_IN_FRAMEWORK_HEADER = YES;
				CLANG_WARN_RANGE_LOOP_ANALYSIS = YES;
				CLANG_WARN_STRICT_PROTOTYPES = YES;
				CLANG_WARN_SUSPICIOUS_MOVE = YES;
				CLANG_WARN_UNGUARDED_AVAILABILITY = YES_AGGRESSIVE;
				CLANG_WARN_UNREACHABLE_CODE = YES;
				CLANG_WARN__DUPLICATE_METHOD_MATCH = YES;
				COPY_PHASE_STRIP = NO;
				DEBUG_INFORMATION_FORMAT = "dwarf-with-dsym";
				ENABLE_NS_ASSERTIONS = NO;
				ENABLE_STRICT_OBJC_MSGSEND = YES;
				GCC_C_LANGUAGE_STANDARD = gnu11;
				GCC_NO_COMMON_BLOCKS = YES;
				GCC_WARN_64_TO_32_BIT_CONVERSION = YES;
				GCC_WARN_ABOUT_RETURN_TYPE = YES_ERROR;
				GCC_WARN_UNDECLARED_SELECTOR = YES;
				GCC_WARN_UNINITIALIZED_AUTOS = YES_AGGRESSIVE;
				GCC_WARN_UNUSED_FUNCTION = YES;
				GCC_WARN_UNUSED_VARIABLE = YES;
				INFOPLIST_FILE = GBShop/Environments/Info.plist;
				IPHONEOS_DEPLOYMENT_TARGET = 15.2;
				MTL_ENABLE_DEBUG_INFO = NO;
				MTL_FAST_MATH = YES;
				SDKROOT = iphoneos;
				SWIFT_COMPILATION_MODE = wholemodule;
				SWIFT_OPTIMIZATION_LEVEL = "-O";
				VALIDATE_PRODUCT = YES;
			};
			name = Release;
		};
		4065717827CE96DE003897A0 /* Debug */ = {
			isa = XCBuildConfiguration;
			buildSettings = {
				ASSETCATALOG_COMPILER_APPICON_NAME = AppIcon;
				ASSETCATALOG_COMPILER_GLOBAL_ACCENT_COLOR_NAME = AccentColor;
				CODE_SIGN_STYLE = Automatic;
				CURRENT_PROJECT_VERSION = 1;
				DEVELOPMENT_TEAM = LKF6A6MC84;
				GENERATE_INFOPLIST_FILE = YES;
				INFOPLIST_FILE = GBShop/Environments/Info.plist;
				INFOPLIST_KEY_UIApplicationSupportsIndirectInputEvents = YES;
				INFOPLIST_KEY_UIMainStoryboardFile = LaunchScreen;
				INFOPLIST_KEY_UISupportedInterfaceOrientations_iPad = "UIInterfaceOrientationPortrait UIInterfaceOrientationPortraitUpsideDown UIInterfaceOrientationLandscapeLeft UIInterfaceOrientationLandscapeRight";
				INFOPLIST_KEY_UISupportedInterfaceOrientations_iPhone = "UIInterfaceOrientationPortrait UIInterfaceOrientationLandscapeLeft UIInterfaceOrientationLandscapeRight";
				LD_RUNPATH_SEARCH_PATHS = (
					"$(inherited)",
					"@executable_path/Frameworks",
				);
				MARKETING_VERSION = 1.0;
				PRODUCT_BUNDLE_IDENTIFIER = com.igor2890.GBShop;
				PRODUCT_NAME = "$(TARGET_NAME)";
				SWIFT_EMIT_LOC_STRINGS = YES;
				SWIFT_VERSION = 5.0;
				TARGETED_DEVICE_FAMILY = "1,2";
			};
			name = Debug;
		};
		4065717927CE96DE003897A0 /* Release */ = {
			isa = XCBuildConfiguration;
			buildSettings = {
				ASSETCATALOG_COMPILER_APPICON_NAME = AppIcon;
				ASSETCATALOG_COMPILER_GLOBAL_ACCENT_COLOR_NAME = AccentColor;
				CODE_SIGN_STYLE = Automatic;
				CURRENT_PROJECT_VERSION = 1;
				DEVELOPMENT_TEAM = LKF6A6MC84;
				GENERATE_INFOPLIST_FILE = YES;
				INFOPLIST_FILE = GBShop/Environments/Info.plist;
				INFOPLIST_KEY_UIApplicationSupportsIndirectInputEvents = YES;
				INFOPLIST_KEY_UIMainStoryboardFile = LaunchScreen;
				INFOPLIST_KEY_UISupportedInterfaceOrientations_iPad = "UIInterfaceOrientationPortrait UIInterfaceOrientationPortraitUpsideDown UIInterfaceOrientationLandscapeLeft UIInterfaceOrientationLandscapeRight";
				INFOPLIST_KEY_UISupportedInterfaceOrientations_iPhone = "UIInterfaceOrientationPortrait UIInterfaceOrientationLandscapeLeft UIInterfaceOrientationLandscapeRight";
				LD_RUNPATH_SEARCH_PATHS = (
					"$(inherited)",
					"@executable_path/Frameworks",
				);
				MARKETING_VERSION = 1.0;
				PRODUCT_BUNDLE_IDENTIFIER = com.igor2890.GBShop;
				PRODUCT_NAME = "$(TARGET_NAME)";
				SWIFT_EMIT_LOC_STRINGS = YES;
				SWIFT_VERSION = 5.0;
				TARGETED_DEVICE_FAMILY = "1,2";
			};
			name = Release;
		};
		4065717B27CE96DE003897A0 /* Debug */ = {
			isa = XCBuildConfiguration;
			buildSettings = {
				ALWAYS_EMBED_SWIFT_STANDARD_LIBRARIES = YES;
				BUNDLE_LOADER = "$(TEST_HOST)";
				CODE_SIGN_STYLE = Automatic;
				CURRENT_PROJECT_VERSION = 1;
				DEVELOPMENT_TEAM = LKF6A6MC84;
				GENERATE_INFOPLIST_FILE = YES;
				IPHONEOS_DEPLOYMENT_TARGET = 15.2;
				MARKETING_VERSION = 1.0;
				PRODUCT_BUNDLE_IDENTIFIER = com.igor2890.GBShopTests;
				PRODUCT_NAME = "$(TARGET_NAME)";
				SWIFT_EMIT_LOC_STRINGS = NO;
				SWIFT_VERSION = 5.0;
				TARGETED_DEVICE_FAMILY = "1,2";
				TEST_HOST = "$(BUILT_PRODUCTS_DIR)/GBShop.app/GBShop";
			};
			name = Debug;
		};
		4065717C27CE96DE003897A0 /* Release */ = {
			isa = XCBuildConfiguration;
			buildSettings = {
				ALWAYS_EMBED_SWIFT_STANDARD_LIBRARIES = YES;
				BUNDLE_LOADER = "$(TEST_HOST)";
				CODE_SIGN_STYLE = Automatic;
				CURRENT_PROJECT_VERSION = 1;
				DEVELOPMENT_TEAM = LKF6A6MC84;
				GENERATE_INFOPLIST_FILE = YES;
				IPHONEOS_DEPLOYMENT_TARGET = 15.2;
				MARKETING_VERSION = 1.0;
				PRODUCT_BUNDLE_IDENTIFIER = com.igor2890.GBShopTests;
				PRODUCT_NAME = "$(TARGET_NAME)";
				SWIFT_EMIT_LOC_STRINGS = NO;
				SWIFT_VERSION = 5.0;
				TARGETED_DEVICE_FAMILY = "1,2";
				TEST_HOST = "$(BUILT_PRODUCTS_DIR)/GBShop.app/GBShop";
			};
			name = Release;
		};
		4065717E27CE96DE003897A0 /* Debug */ = {
			isa = XCBuildConfiguration;
			buildSettings = {
				ALWAYS_EMBED_SWIFT_STANDARD_LIBRARIES = YES;
				CODE_SIGN_STYLE = Automatic;
				CURRENT_PROJECT_VERSION = 1;
				DEVELOPMENT_TEAM = LKF6A6MC84;
				GENERATE_INFOPLIST_FILE = YES;
				MARKETING_VERSION = 1.0;
				PRODUCT_BUNDLE_IDENTIFIER = com.igor2890.GBShopUITests;
				PRODUCT_NAME = "$(TARGET_NAME)";
				SWIFT_EMIT_LOC_STRINGS = NO;
				SWIFT_VERSION = 5.0;
				TARGETED_DEVICE_FAMILY = "1,2";
				TEST_TARGET_NAME = GBShop;
			};
			name = Debug;
		};
		4065717F27CE96DE003897A0 /* Release */ = {
			isa = XCBuildConfiguration;
			buildSettings = {
				ALWAYS_EMBED_SWIFT_STANDARD_LIBRARIES = YES;
				CODE_SIGN_STYLE = Automatic;
				CURRENT_PROJECT_VERSION = 1;
				DEVELOPMENT_TEAM = LKF6A6MC84;
				GENERATE_INFOPLIST_FILE = YES;
				MARKETING_VERSION = 1.0;
				PRODUCT_BUNDLE_IDENTIFIER = com.igor2890.GBShopUITests;
				PRODUCT_NAME = "$(TARGET_NAME)";
				SWIFT_EMIT_LOC_STRINGS = NO;
				SWIFT_VERSION = 5.0;
				TARGETED_DEVICE_FAMILY = "1,2";
				TEST_TARGET_NAME = GBShop;
			};
			name = Release;
		};
/* End XCBuildConfiguration section */

/* Begin XCConfigurationList section */
		4065714527CE96DD003897A0 /* Build configuration list for PBXProject "GBShop" */ = {
			isa = XCConfigurationList;
			buildConfigurations = (
				4065717527CE96DE003897A0 /* Debug */,
				4065717627CE96DE003897A0 /* Release */,
			);
			defaultConfigurationIsVisible = 0;
			defaultConfigurationName = Release;
		};
		4065717727CE96DE003897A0 /* Build configuration list for PBXNativeTarget "GBShop" */ = {
			isa = XCConfigurationList;
			buildConfigurations = (
				4065717827CE96DE003897A0 /* Debug */,
				4065717927CE96DE003897A0 /* Release */,
			);
			defaultConfigurationIsVisible = 0;
			defaultConfigurationName = Release;
		};
		4065717A27CE96DE003897A0 /* Build configuration list for PBXNativeTarget "GBShopTests" */ = {
			isa = XCConfigurationList;
			buildConfigurations = (
				4065717B27CE96DE003897A0 /* Debug */,
				4065717C27CE96DE003897A0 /* Release */,
			);
			defaultConfigurationIsVisible = 0;
			defaultConfigurationName = Release;
		};
		4065717D27CE96DE003897A0 /* Build configuration list for PBXNativeTarget "GBShopUITests" */ = {
			isa = XCConfigurationList;
			buildConfigurations = (
				4065717E27CE96DE003897A0 /* Debug */,
				4065717F27CE96DE003897A0 /* Release */,
			);
			defaultConfigurationIsVisible = 0;
			defaultConfigurationName = Release;
		};
/* End XCConfigurationList section */

/* Begin XCRemoteSwiftPackageReference section */
		407BF33427E3B82000C17642 /* XCRemoteSwiftPackageReference "Swinject" */ = {
			isa = XCRemoteSwiftPackageReference;
			repositoryURL = "https://github.com/Swinject/Swinject.git";
			requirement = {
				kind = upToNextMinorVersion;
				minimumVersion = 2.8.0;
			};
		};
		408DA72227DE9C6D00B18B4D /* XCRemoteSwiftPackageReference "Alamofire" */ = {
			isa = XCRemoteSwiftPackageReference;
			repositoryURL = "https://github.com/Alamofire/Alamofire.git";
			requirement = {
				kind = upToNextMajorVersion;
				minimumVersion = 5.0.0;
			};
		};
/* End XCRemoteSwiftPackageReference section */

/* Begin XCSwiftPackageProductDependency section */
		407BF33527E3B82000C17642 /* Swinject */ = {
			isa = XCSwiftPackageProductDependency;
			package = 407BF33427E3B82000C17642 /* XCRemoteSwiftPackageReference "Swinject" */;
			productName = Swinject;
		};
		408DA72327DE9C6D00B18B4D /* Alamofire */ = {
			isa = XCSwiftPackageProductDependency;
			package = 408DA72227DE9C6D00B18B4D /* XCRemoteSwiftPackageReference "Alamofire" */;
			productName = Alamofire;
		};
/* End XCSwiftPackageProductDependency section */
	};
	rootObject = 4065714227CE96DD003897A0 /* Project object */;
}
